// !$*UTF8*$!
{
	archiveVersion = 1;
	classes = {
	};
	objectVersion = 50;
	objects = {

/* Begin PBXBuildFile section */
		92AC8AF123E8F317003A6A08 /* AppDelegate.swift in Sources */ = {isa = PBXBuildFile; fileRef = 92AC8AF023E8F317003A6A08 /* AppDelegate.swift */; };
		92AC8AF323E8F317003A6A08 /* SceneDelegate.swift in Sources */ = {isa = PBXBuildFile; fileRef = 92AC8AF223E8F317003A6A08 /* SceneDelegate.swift */; };
		92AC8AF523E8F317003A6A08 /* ViewController.swift in Sources */ = {isa = PBXBuildFile; fileRef = 92AC8AF423E8F317003A6A08 /* ViewController.swift */; };
		92AC8AF823E8F317003A6A08 /* Main.storyboard in Resources */ = {isa = PBXBuildFile; fileRef = 92AC8AF623E8F317003A6A08 /* Main.storyboard */; };
		92AC8AFA23E8F322003A6A08 /* Assets.xcassets in Resources */ = {isa = PBXBuildFile; fileRef = 92AC8AF923E8F322003A6A08 /* Assets.xcassets */; };
		92AC8AFD23E8F322003A6A08 /* LaunchScreen.storyboard in Resources */ = {isa = PBXBuildFile; fileRef = 92AC8AFB23E8F322003A6A08 /* LaunchScreen.storyboard */; };
/* End PBXBuildFile section */

/* Begin PBXFileReference section */
		92AC8AED23E8F317003A6A08 /* pengsooTheSinger.app */ = {isa = PBXFileReference; explicitFileType = wrapper.application; includeInIndex = 0; path = pengsooTheSinger.app; sourceTree = BUILT_PRODUCTS_DIR; };
		92AC8AF023E8F317003A6A08 /* AppDelegate.swift */ = {isa = PBXFileReference; lastKnownFileType = sourcecode.swift; path = AppDelegate.swift; sourceTree = "<group>"; };
		92AC8AF223E8F317003A6A08 /* SceneDelegate.swift */ = {isa = PBXFileReference; lastKnownFileType = sourcecode.swift; path = SceneDelegate.swift; sourceTree = "<group>"; };
		92AC8AF423E8F317003A6A08 /* ViewController.swift */ = {isa = PBXFileReference; lastKnownFileType = sourcecode.swift; path = ViewController.swift; sourceTree = "<group>"; };
		92AC8AF723E8F317003A6A08 /* Base */ = {isa = PBXFileReference; lastKnownFileType = file.storyboard; name = Base; path = Base.lproj/Main.storyboard; sourceTree = "<group>"; };
		92AC8AF923E8F322003A6A08 /* Assets.xcassets */ = {isa = PBXFileReference; lastKnownFileType = folder.assetcatalog; path = Assets.xcassets; sourceTree = "<group>"; };
		92AC8AFC23E8F322003A6A08 /* Base */ = {isa = PBXFileReference; lastKnownFileType = file.storyboard; name = Base; path = Base.lproj/LaunchScreen.storyboard; sourceTree = "<group>"; };
		92AC8AFE23E8F322003A6A08 /* Info.plist */ = {isa = PBXFileReference; lastKnownFileType = text.plist.xml; path = Info.plist; sourceTree = "<group>"; };
/* End PBXFileReference section */

/* Begin PBXFrameworksBuildPhase section */
		92AC8AEA23E8F317003A6A08 /* Frameworks */ = {
			isa = PBXFrameworksBuildPhase;
			buildActionMask = 2147483647;
			files = (
			);
			runOnlyForDeploymentPostprocessing = 0;
		};
/* End PBXFrameworksBuildPhase section */

/* Begin PBXGroup section */
		92AC8AE423E8F317003A6A08 = {
			isa = PBXGroup;
			children = (
				92AC8AEF23E8F317003A6A08 /* pengsooTheSinger */,
				92AC8AEE23E8F317003A6A08 /* Products */,
			);
			sourceTree = "<group>";
		};
		92AC8AEE23E8F317003A6A08 /* Products */ = {
			isa = PBXGroup;
			children = (
				92AC8AED23E8F317003A6A08 /* pengsooTheSinger.app */,
			);
			name = Products;
			sourceTree = "<group>";
		};
		92AC8AEF23E8F317003A6A08 /* pengsooTheSinger */ = {
			isa = PBXGroup;
			children = (
				92AC8AF023E8F317003A6A08 /* AppDelegate.swift */,
				92AC8AF223E8F317003A6A08 /* SceneDelegate.swift */,
				92AC8AF423E8F317003A6A08 /* ViewController.swift */,
				92AC8AF623E8F317003A6A08 /* Main.storyboard */,
				92AC8AF923E8F322003A6A08 /* Assets.xcassets */,
				92AC8AFB23E8F322003A6A08 /* LaunchScreen.storyboard */,
				92AC8AFE23E8F322003A6A08 /* Info.plist */,
			);
			path = pengsooTheSinger;
			sourceTree = "<group>";
		};
/* End PBXGroup section */

/* Begin PBXNativeTarget section */
		92AC8AEC23E8F317003A6A08 /* pengsooTheSinger */ = {
			isa = PBXNativeTarget;
			buildConfigurationList = 92AC8B0123E8F322003A6A08 /* Build configuration list for PBXNativeTarget "pengsooTheSinger" */;
			buildPhases = (
				92AC8AE923E8F317003A6A08 /* Sources */,
				92AC8AEA23E8F317003A6A08 /* Frameworks */,
				92AC8AEB23E8F317003A6A08 /* Resources */,
			);
			buildRules = (
			);
			dependencies = (
			);
			name = pengsooTheSinger;
			productName = pengsooTheSinger;
			productReference = 92AC8AED23E8F317003A6A08 /* pengsooTheSinger.app */;
			productType = "com.apple.product-type.application";
		};
/* End PBXNativeTarget section */

/* Begin PBXProject section */
		92AC8AE523E8F317003A6A08 /* Project object */ = {
			isa = PBXProject;
			attributes = {
				LastSwiftUpdateCheck = 1130;
				LastUpgradeCheck = 1130;
				ORGANIZATIONNAME = "Kim Yeon Jeong";
				TargetAttributes = {
					92AC8AEC23E8F317003A6A08 = {
						CreatedOnToolsVersion = 11.3;
					};
				};
			};
			buildConfigurationList = 92AC8AE823E8F317003A6A08 /* Build configuration list for PBXProject "pengsooTheSinger" */;
			compatibilityVersion = "Xcode 9.3";
			developmentRegion = en;
			hasScannedForEncodings = 0;
			knownRegions = (
				en,
				Base,
			);
			mainGroup = 92AC8AE423E8F317003A6A08;
			productRefGroup = 92AC8AEE23E8F317003A6A08 /* Products */;
			projectDirPath = "";
			projectRoot = "";
			targets = (
				92AC8AEC23E8F317003A6A08 /* pengsooTheSinger */,
			);
		};
/* End PBXProject section */

/* Begin PBXResourcesBuildPhase section */
		92AC8AEB23E8F317003A6A08 /* Resources */ = {
			isa = PBXResourcesBuildPhase;
			buildActionMask = 2147483647;
			files = (
				92AC8AFD23E8F322003A6A08 /* LaunchScreen.storyboard in Resources */,
				92AC8AFA23E8F322003A6A08 /* Assets.xcassets in Resources */,
				92AC8AF823E8F317003A6A08 /* Main.storyboard in Resources */,
			);
			runOnlyForDeploymentPostprocessing = 0;
		};
/* End PBXResourcesBuildPhase section */

/* Begin PBXSourcesBuildPhase section */
		92AC8AE923E8F317003A6A08 /* Sources */ = {
			isa = PBXSourcesBuildPhase;
			buildActionMask = 2147483647;
			files = (
				92AC8AF523E8F317003A6A08 /* ViewController.swift in Sources */,
				92AC8AF123E8F317003A6A08 /* AppDelegate.swift in Sources */,
				92AC8AF323E8F317003A6A08 /* SceneDelegate.swift in Sources */,
			);
			runOnlyForDeploymentPostprocessing = 0;
		};
/* End PBXSourcesBuildPhase section */

/* Begin PBXVariantGroup section */
		92AC8AF623E8F317003A6A08 /* Main.storyboard */ = {
			isa = PBXVariantGroup;
			children = (
				92AC8AF723E8F317003A6A08 /* Base */,
			);
			name = Main.storyboard;
			sourceTree = "<group>";
		};
		92AC8AFB23E8F322003A6A08 /* LaunchScreen.storyboard */ = {
			isa = PBXVariantGroup;
			children = (
				92AC8AFC23E8F322003A6A08 /* Base */,
			);
			name = LaunchScreen.storyboard;
			sourceTree = "<group>";
		};
/* End PBXVariantGroup section */

/* Begin XCBuildConfiguration section */
		92AC8AFF23E8F322003A6A08 /* Debug */ = {
			isa = XCBuildConfiguration;
			buildSettings = {
				ALWAYS_SEARCH_USER_PATHS = NO;
				CLANG_ANALYZER_NONNULL = YES;
				CLANG_ANALYZER_NUMBER_OBJECT_CONVERSION = YES_AGGRESSIVE;
				CLANG_CXX_LANGUAGE_STANDARD = "gnu++14";
				CLANG_CXX_LIBRARY = "libc++";
				CLANG_ENABLE_MODULES = YES;
				CLANG_ENABLE_OBJC_ARC = YES;
				CLANG_ENABLE_OBJC_WEAK = YES;
				CLANG_WARN_BLOCK_CAPTURE_AUTORELEASING = YES;
				CLANG_WARN_BOOL_CONVERSION = YES;
				CLANG_WARN_COMMA = YES;
				CLANG_WARN_CONSTANT_CONVERSION = YES;
				CLANG_WARN_DEPRECATED_OBJC_IMPLEMENTATIONS = YES;
				CLANG_WARN_DIRECT_OBJC_ISA_USAGE = YES_ERROR;
				CLANG_WARN_DOCUMENTATION_COMMENTS = YES;
				CLANG_WARN_EMPTY_BODY = YES;
				CLANG_WARN_ENUM_CONVERSION = YES;
				CLANG_WARN_INFINITE_RECURSION = YES;
				CLANG_WARN_INT_CONVERSION = YES;
				CLANG_WARN_NON_LITERAL_NULL_CONVERSION = YES;
				CLANG_WARN_OBJC_IMPLICIT_RETAIN_SELF = YES;
				CLANG_WARN_OBJC_LITERAL_CONVERSION = YES;
				CLANG_WARN_OBJC_ROOT_CLASS = YES_ERROR;
				CLANG_WARN_RANGE_LOOP_ANALYSIS = YES;
				CLANG_WARN_STRICT_PROTOTYPES = YES;
				CLANG_WARN_SUSPICIOUS_MOVE = YES;
				CLANG_WARN_UNGUARDED_AVAILABILITY = YES_AGGRESSIVE;
				CLANG_WARN_UNREACHABLE_CODE = YES;
				CLANG_WARN__DUPLICATE_METHOD_MATCH = YES;
				COPY_PHASE_STRIP = NO;
				DEBUG_INFORMATION_FORMAT = dwarf;
				ENABLE_STRICT_OBJC_MSGSEND = YES;
				ENABLE_TESTABILITY = YES;
				GCC_C_LANGUAGE_STANDARD = gnu11;
				GCC_DYNAMIC_NO_PIC = NO;
				GCC_NO_COMMON_BLOCKS = YES;
				GCC_OPTIMIZATION_LEVEL = 0;
				GCC_PREPROCESSOR_DEFINITIONS = (
					"DEBUG=1",
					"$(inherited)",
				);
				GCC_WARN_64_TO_32_BIT_CONVERSION = YES;
				GCC_WARN_ABOUT_RETURN_TYPE = YES_ERROR;
				GCC_WARN_UNDECLARED_SELECTOR = YES;
				GCC_WARN_UNINITIALIZED_AUTOS = YES_AGGRESSIVE;
				GCC_WARN_UNUSED_FUNCTION = YES;
				GCC_WARN_UNUSED_VARIABLE = YES;
				IPHONEOS_DEPLOYMENT_TARGET = 13.2;
				MTL_ENABLE_DEBUG_INFO = INCLUDE_SOURCE;
				MTL_FAST_MATH = YES;
				ONLY_ACTIVE_ARCH = YES;
				SDKROOT = iphoneos;
				SWIFT_ACTIVE_COMPILATION_CONDITIONS = DEBUG;
				SWIFT_OPTIMIZATION_LEVEL = "-Onone";
			};
			name = Debug;
		};
		92AC8B0023E8F322003A6A08 /* Release */ = {
			isa = XCBuildConfiguration;
			buildSettings = {
				ALWAYS_SEARCH_USER_PATHS = NO;
				CLANG_ANALYZER_NONNULL = YES;
				CLANG_ANALYZER_NUMBER_OBJECT_CONVERSION = YES_AGGRESSIVE;
				CLANG_CXX_LANGUAGE_STANDARD = "gnu++14";
				CLANG_CXX_LIBRARY = "libc++";
				CLANG_ENABLE_MODULES = YES;
				CLANG_ENABLE_OBJC_ARC = YES;
				CLANG_ENABLE_OBJC_WEAK = YES;
				CLANG_WARN_BLOCK_CAPTURE_AUTORELEASING = YES;
				CLANG_WARN_BOOL_CONVERSION = YES;
				CLANG_WARN_COMMA = YES;
				CLANG_WARN_CONSTANT_CONVERSION = YES;
				CLANG_WARN_DEPRECATED_OBJC_IMPLEMENTATIONS = YES;
				CLANG_WARN_DIRECT_OBJC_ISA_USAGE = YES_ERROR;
				CLANG_WARN_DOCUMENTATION_COMMENTS = YES;
				CLANG_WARN_EMPTY_BODY = YES;
				CLANG_WARN_ENUM_CONVERSION = YES;
				CLANG_WARN_INFINITE_RECURSION = YES;
				CLANG_WARN_INT_CONVERSION = YES;
				CLANG_WARN_NON_LITERAL_NULL_CONVERSION = YES;
				CLANG_WARN_OBJC_IMPLICIT_RETAIN_SELF = YES;
				CLANG_WARN_OBJC_LITERAL_CONVERSION = YES;
				CLANG_WARN_OBJC_ROOT_CLASS = YES_ERROR;
				CLANG_WARN_RANGE_LOOP_ANALYSIS = YES;
				CLANG_WARN_STRICT_PROTOTYPES = YES;
				CLANG_WARN_SUSPICIOUS_MOVE = YES;
				CLANG_WARN_UNGUARDED_AVAILABILITY = YES_AGGRESSIVE;
				CLANG_WARN_UNREACHABLE_CODE = YES;
				CLANG_WARN__DUPLICATE_METHOD_MATCH = YES;
				COPY_PHASE_STRIP = NO;
				DEBUG_INFORMATION_FORMAT = "dwarf-with-dsym";
				ENABLE_NS_ASSERTIONS = NO;
				ENABLE_STRICT_OBJC_MSGSEND = YES;
				GCC_C_LANGUAGE_STANDARD = gnu11;
				GCC_NO_COMMON_BLOCKS = YES;
				GCC_WARN_64_TO_32_BIT_CONVERSION = YES;
				GCC_WARN_ABOUT_RETURN_TYPE = YES_ERROR;
				GCC_WARN_UNDECLARED_SELECTOR = YES;
				GCC_WARN_UNINITIALIZED_AUTOS = YES_AGGRESSIVE;
				GCC_WARN_UNUSED_FUNCTION = YES;
				GCC_WARN_UNUSED_VARIABLE = YES;
				IPHONEOS_DEPLOYMENT_TARGET = 13.2;
				MTL_ENABLE_DEBUG_INFO = NO;
				MTL_FAST_MATH = YES;
				SDKROOT = iphoneos;
				SWIFT_COMPILATION_MODE = wholemodule;
				SWIFT_OPTIMIZATION_LEVEL = "-O";
				VALIDATE_PRODUCT = YES;
			};
			name = Release;
		};
		92AC8B0223E8F322003A6A08 /* Debug */ = {
			isa = XCBuildConfiguration;
			buildSettings = {
				ASSETCATALOG_COMPILER_APPICON_NAME = AppIcon;
				CODE_SIGN_STYLE = Automatic;
				DEVELOPMENT_TEAM = 8Z2W5ZDA6N;
				INFOPLIST_FILE = pengsooTheSinger/Info.plist;
				LD_RUNPATH_SEARCH_PATHS = (
					"$(inherited)",
					"@executable_path/Frameworks",
				);
				PRODUCT_BUNDLE_IDENTIFIER = com.meibanfa.pengsooTheSinger;
				PRODUCT_NAME = "$(TARGET_NAME)";
				SWIFT_VERSION = 5.0;
				TARGETED_DEVICE_FAMILY = "1,2";
			};
			name = Debug;
		};
		92AC8B0323E8F322003A6A08 /* Release */ = {
			isa = XCBuildConfiguration;
			buildSettings = {
				ASSETCATALOG_COMPILER_APPICON_NAME = AppIcon;
				CODE_SIGN_STYLE = Automatic;
				DEVELOPMENT_TEAM = 8Z2W5ZDA6N;
				INFOPLIST_FILE = pengsooTheSinger/Info.plist;
				LD_RUNPATH_SEARCH_PATHS = (
					"$(inherited)",
					"@executable_path/Frameworks",
				);
				PRODUCT_BUNDLE_IDENTIFIER = com.meibanfa.pengsooTheSinger;
				PRODUCT_NAME = "$(TARGET_NAME)";
				SWIFT_VERSION = 5.0;
				TARGETED_DEVICE_FAMILY = "1,2";
			};
			name = Release;
		};
/* End XCBuildConfiguration section */

/* Begin XCConfigurationList section */
		92AC8AE823E8F317003A6A08 /* Build configuration list for PBXProject "pengsooTheSinger" */ = {
			isa = XCConfigurationList;
			buildConfigurations = (
				92AC8AFF23E8F322003A6A08 /* Debug */,
				92AC8B0023E8F322003A6A08 /* Release */,
			);
			defaultConfigurationIsVisible = 0;
			defaultConfigurationName = Release;
		};
		92AC8B0123E8F322003A6A08 /* Build configuration list for PBXNativeTarget "pengsooTheSinger" */ = {
			isa = XCConfigurationList;
			buildConfigurations = (
				92AC8B0223E8F322003A6A08 /* Debug */,
				92AC8B0323E8F322003A6A08 /* Release */,
			);
			defaultConfigurationIsVisible = 0;
			defaultConfigurationName = Release;
		};
/* End XCConfigurationList section */
	};
	rootObject = 92AC8AE523E8F317003A6A08 /* Project object */;
}
